{
  "name": "fastwebconn",
  "version": "0.0.1",
  "lockfileVersion": 3,
  "requires": true,
  "packages": {
    "": {
      "name": "fastwebconn",
      "version": "0.0.1",
      "license": "MIT",
      "dependencies": {
        "bittorrent-protocol": "^4.1.14",
        "lt_donthave": "^2.0.2"
      }
    },
    "node_modules/b4a": {
      "version": "1.6.6",
      "resolved": "https://registry.npmjs.org/b4a/-/b4a-1.6.6.tgz",
      "integrity": "sha512-5Tk1HLk6b6ctmjIkAcU/Ujv/1WqiDl0F0JdRCR80VsOcUlHcu7pWeWRlOqQLHfDEsVx9YH/aif5AG4ehoCtTmg=="
    },
    "node_modules/bare-events": {
      "version": "2.4.2",
      "resolved": "https://registry.npmjs.org/bare-events/-/bare-events-2.4.2.tgz",
      "integrity": "sha512-qMKFd2qG/36aA4GwvKq8MxnPgCQAmBWmSyLWsJcbn8v03wvIPQ/hG1Ms8bPzndZxMDoHpxez5VOS+gC9Yi24/Q==",
      "optional": true
    },
    "node_modules/base64-arraybuffer": {
      "version": "1.0.2",
      "resolved": "https://registry.npmjs.org/base64-arraybuffer/-/base64-arraybuffer-1.0.2.tgz",
      "integrity": "sha512-I3yl4r9QB5ZRY3XuJVEPfc2XhZO6YweFPI+UovAzn+8/hb3oJ6lnysaFcjVpkCPfVWFUDvoZ8kmVDP7WyRtYtQ==",
      "engines": {
        "node": ">= 0.6.0"
      }
    },
    "node_modules/bencode": {
      "version": "4.0.0",
      "resolved": "https://registry.npmjs.org/bencode/-/bencode-4.0.0.tgz",
      "integrity": "sha512-AERXw18df0pF3ziGOCyUjqKZBVNH8HV3lBxnx5w0qtgMIk4a1wb9BkcCQbkp9Zstfrn/dzRwl7MmUHHocX3sRQ==",
      "dependencies": {
        "uint8-util": "^2.2.2"
      },
      "engines": {
        "node": ">=12.20.0"
      }
    },
    "node_modules/bitfield": {
      "version": "4.2.0",
      "resolved": "https://registry.npmjs.org/bitfield/-/bitfield-4.2.0.tgz",
      "integrity": "sha512-kUTatQb/mBd8uhvdLrUkouGDBUQiJaIOvPlptUwOWp6MFqih4d1MiVf0m3ATxfZSzu+LjW/awFeABltYa62uIA==",
      "engines": {
        "node": ">=8"
      },
      "funding": {
        "url": "https://github.com/sponsors/fb55"
      }
    },
    "node_modules/bittorrent-protocol": {
      "version": "4.1.14",
      "resolved": "https://registry.npmjs.org/bittorrent-protocol/-/bittorrent-protocol-4.1.14.tgz",
      "integrity": "sha512-vChtr7L/cG5b2TQgdDMzJ79TjSX+whuC8NfgoLcjXKINJVXECWkqVaRveAo50Oa+53Mo4Nw54IlTnhOZFwlVEg==",
      "funding": [
        {
          "type": "github",
          "url": "https://github.com/sponsors/feross"
        },
        {
          "type": "patreon",
          "url": "https://www.patreon.com/feross"
        },
        {
          "type": "consulting",
          "url": "https://feross.org/support"
        }
      ],
      "dependencies": {
        "bencode": "^4.0.0",
        "bitfield": "^4.1.0",
        "debug": "^4.3.6",
        "rc4": "^0.1.5",
        "streamx": "^2.15.1",
        "throughput": "^1.0.1",
        "uint8-util": "^2.2.5",
        "unordered-array-remove": "^1.0.2"
      },
      "engines": {
        "node": ">=12.20.0"
      }
    },
    "node_modules/debug": {
      "version": "4.3.6",
      "resolved": "https://registry.npmjs.org/debug/-/debug-4.3.6.tgz",
      "integrity": "sha512-O/09Bd4Z1fBrU4VzkhFqVgpPzaGbw6Sm9FEkBT1A/YBXQFGuuSxa1dN2nxgxS34JmKXqYx8CZAwEVoJFImUXIg==",
      "dependencies": {
        "ms": "2.1.2"
      },
      "engines": {
        "node": ">=6.0"
      },
      "peerDependenciesMeta": {
        "supports-color": {
          "optional": true
        }
      }
    },
    "node_modules/fast-fifo": {
      "version": "1.3.2",
      "resolved": "https://registry.npmjs.org/fast-fifo/-/fast-fifo-1.3.2.tgz",
      "integrity": "sha512-/d9sfos4yxzpwkDkuN7k2SqFKtYNmCTzgfEpz82x34IM9/zc8KGxQoXg1liNC/izpRM/MBdt44Nmx41ZWqk+FQ=="
    },
    "node_modules/lt_donthave": {
      "version": "2.0.2",
      "resolved": "https://registry.npmjs.org/lt_donthave/-/lt_donthave-2.0.2.tgz",
      "integrity": "sha512-rSEms3KNO7PnAbPwj+vWK6tg/ZafQE7yYJ9Gr9IyjaCJsopa6PYPspnhlmEFLlRwSd1wfZ1jLCR6Km3lThVLIg==",
      "funding": [
        {
          "type": "github",
          "url": "https://github.com/sponsors/feross"
        },
        {
          "type": "patreon",
          "url": "https://www.patreon.com/feross"
        },
        {
          "type": "consulting",
          "url": "https://feross.org/support"
        }
      ],
      "dependencies": {
        "debug": "^4.2.0",
        "unordered-array-remove": "^1.0.2"
      },
      "engines": {
        "node": ">=12.20.0"
      }
    },
    "node_modules/ms": {
      "version": "2.1.2",
      "resolved": "https://registry.npmjs.org/ms/-/ms-2.1.2.tgz",
      "integrity": "sha512-sGkPx+VjMtmA6MX27oA4FBFELFCZZ4S4XqeGOXCv68tT+jb3vk/RyaKWP0PTKyWtmLSM0b+adUTEvbs1PEaH2w=="
    },
    "node_modules/queue-tick": {
      "version": "1.0.1",
      "resolved": "https://registry.npmjs.org/queue-tick/-/queue-tick-1.0.1.tgz",
      "integrity": "sha512-kJt5qhMxoszgU/62PLP1CJytzd2NKetjSRnyuj31fDd3Rlcz3fzlFdFLD1SItunPwyqEOkca6GbV612BWfaBag=="
    },
    "node_modules/rc4": {
      "version": "0.1.5",
      "resolved": "https://registry.npmjs.org/rc4/-/rc4-0.1.5.tgz",
      "integrity": "sha512-xdDTNV90z5x5u25Oc871Xnvu7yAr4tV7Eluh0VSvrhUkry39q1k+zkz7xroqHbRq+8PiazySHJPArqifUvz9VA==",
      "engines": {
        "node": ">=0.10.0"
      }
    },
    "node_modules/streamx": {
      "version": "2.19.0",
      "resolved": "https://registry.npmjs.org/streamx/-/streamx-2.19.0.tgz",
      "integrity": "sha512-5z6CNR4gtkPbwlxyEqoDGDmWIzoNJqCBt4Eac1ICP9YaIT08ct712cFj0u1rx4F8luAuL+3Qc+RFIdI4OX00kg==",
      "dependencies": {
        "fast-fifo": "^1.3.2",
        "queue-tick": "^1.0.1",
        "text-decoder": "^1.1.0"
      },
      "optionalDependencies": {
        "bare-events": "^2.2.0"
      }
    },
    "node_modules/text-decoder": {
      "version": "1.1.1",
      "resolved": "https://registry.npmjs.org/text-decoder/-/text-decoder-1.1.1.tgz",
      "integrity": "sha512-8zll7REEv4GDD3x4/0pW+ppIxSNs7H1J10IKFZsuOMscumCdM2a+toDGLPA3T+1+fLBql4zbt5z83GEQGGV5VA==",
      "dependencies": {
        "b4a": "^1.6.4"
      }
    },
    "node_modules/throughput": {
      "version": "1.0.1",
      "resolved": "https://registry.npmjs.org/throughput/-/throughput-1.0.1.tgz",
      "integrity": "sha512-4Mvv5P4xyVz6RM07wS3tGyZ/kPAiKtLeqznq3hK4pxDiTUSyQ5xeFlBiWxflCWexvSnxo2aAfedzKajJqihz4Q=="
    },
    "node_modules/uint8-util": {
      "version": "2.2.5",
      "resolved": "https://registry.npmjs.org/uint8-util/-/uint8-util-2.2.5.tgz",
      "integrity": "sha512-/QxVQD7CttWpVUKVPz9znO+3Dd4BdTSnFQ7pv/4drVhC9m4BaL2LFHTkJn6EsYoxT79VDq/2Gg8L0H22PrzyMw==",
      "dependencies": {
        "base64-arraybuffer": "^1.0.2"
      }
    },
    "node_modules/unordered-array-remove": {
      "version": "1.0.2",
      "resolved": "https://registry.npmjs.org/unordered-array-remove/-/unordered-array-remove-1.0.2.tgz",
      "integrity": "sha512-45YsfD6svkgaCBNyvD+dFHm4qFX9g3wRSIVgWVPtm2OCnphvPxzJoe20ATsiNpNJrmzHifnxm+BN5F7gFT/4gw=="
    }
  }
}
